<?xml version="1.0" encoding="utf-8"?>
<Project ToolsVersion="4.0" xmlns="http://schemas.microsoft.com/developer/msbuild/2003">
  <ItemGroup>
    <Filter Include="actor">
      <UniqueIdentifier>{8b902c09-daaf-442d-bd4c-62991aa1a5e3}</UniqueIdentifier>
    </Filter>
    <Filter Include="component">
      <UniqueIdentifier>{4380ba0c-b529-42b0-871e-b2274ecf2ac3}</UniqueIdentifier>
    </Filter>
    <Filter Include="math">
      <UniqueIdentifier>{a64d1cde-680e-4021-ac7b-af72a49eb316}</UniqueIdentifier>
    </Filter>
    <Filter Include="component\camera">
      <UniqueIdentifier>{b7e72151-1b97-43d4-8758-24fd7759de11}</UniqueIdentifier>
    </Filter>
    <Filter Include="component\move">
      <UniqueIdentifier>{546c5f49-41bb-49a9-ba09-f10edfe422ff}</UniqueIdentifier>
    </Filter>
    <Filter Include="component\essential">
      <UniqueIdentifier>{7416fb04-357c-4da0-8a25-d3ed30df7c36}</UniqueIdentifier>
    </Filter>
    <Filter Include="manager">
      <UniqueIdentifier>{5b720516-2988-494d-854f-d255cd9f7def}</UniqueIdentifier>
    </Filter>
    <Filter Include="manager\audio">
      <UniqueIdentifier>{c7e087b7-9b60-4039-bd20-60d66cb89f84}</UniqueIdentifier>
    </Filter>
    <Filter Include="manager\collision">
      <UniqueIdentifier>{f7f55b78-e753-4cd0-a5e2-ae3523a9e969}</UniqueIdentifier>
    </Filter>
    <Filter Include="manager\renderer">
      <UniqueIdentifier>{362e5eb1-edc4-4507-9501-3e088a848993}</UniqueIdentifier>
    </Filter>
    <Filter Include="manager\renderer\shader">
      <UniqueIdentifier>{3aaa07c0-d061-46a3-8418-77a0152af777}</UniqueIdentifier>
    </Filter>
    <Filter Include="component\collision">
      <UniqueIdentifier>{600a370d-8027-4f9d-be12-471007b5746b}</UniqueIdentifier>
    </Filter>
    <Filter Include="manager\search">
      <UniqueIdentifier>{618c3c9a-0d8d-48d8-a01d-c13f79212307}</UniqueIdentifier>
    </Filter>
    <Filter Include="ui">
      <UniqueIdentifier>{9cd6cfa8-1544-4b9a-a91e-4bb2943f7804}</UniqueIdentifier>
    </Filter>
    <Filter Include="ui\menu">
      <UniqueIdentifier>{3b484cc9-2187-4e08-a387-b1c41f8c5810}</UniqueIdentifier>
    </Filter>
    <Filter Include="actor\base">
      <UniqueIdentifier>{14f73555-a44c-421f-8e16-d1ee2205f651}</UniqueIdentifier>
    </Filter>
    <Filter Include="actor\item">
      <UniqueIdentifier>{9338abed-b552-44c4-8611-19f41e3e3d02}</UniqueIdentifier>
    </Filter>
    <Filter Include="actor\item\base">
      <UniqueIdentifier>{bb041c2b-25dc-4441-ab7d-b6b177156607}</UniqueIdentifier>
    </Filter>
    <Filter Include="actor\enemy">
      <UniqueIdentifier>{1c76ce14-e7bc-4b81-8746-4ca00f76c04b}</UniqueIdentifier>
    </Filter>
    <Filter Include="actor\enemy\base">
      <UniqueIdentifier>{b500f376-95af-45b9-9bab-18b5e6c9875e}</UniqueIdentifier>
    </Filter>
    <Filter Include="actor\weapon">
      <UniqueIdentifier>{0fd99000-78ca-40d6-8725-86b7e650f3aa}</UniqueIdentifier>
    </Filter>
    <Filter Include="manager\skill">
      <UniqueIdentifier>{41e313bb-5f37-4995-818d-5dea7eda7843}</UniqueIdentifier>
    </Filter>
    <Filter Include="component\weapon">
      <UniqueIdentifier>{0108f206-e8ed-4f56-b22e-a0fb36a1d359}</UniqueIdentifier>
    </Filter>
    <Filter Include="actor\weapon\base">
      <UniqueIdentifier>{96ce1467-688e-4cd3-90e3-977a532d1dd8}</UniqueIdentifier>
    </Filter>
    <Filter Include="component\move\base">
      <UniqueIdentifier>{6e64d010-f18e-4851-a394-54fae3b85ab0}</UniqueIdentifier>
    </Filter>
  </ItemGroup>
  <ItemGroup>
    <ClCompile Include="Math.cpp">
      <Filter>math</Filter>
    </ClCompile>
    <ClCompile Include="AudioSystem.cpp">
      <Filter>manager\audio</Filter>
    </ClCompile>
    <ClCompile Include="SoundEvent.cpp">
      <Filter>manager\audio</Filter>
    </ClCompile>
    <ClCompile Include="CameraComponent.cpp">
      <Filter>component\camera</Filter>
    </ClCompile>
    <ClCompile Include="FPSCamera.cpp">
      <Filter>component\camera</Filter>
    </ClCompile>
    <ClCompile Include="PlaneActor.cpp">
      <Filter>actor</Filter>
    </ClCompile>
    <ClCompile Include="Renderer.cpp">
      <Filter>manager\renderer</Filter>
    </ClCompile>
    <ClCompile Include="Mesh.cpp">
      <Filter>manager\renderer</Filter>
    </ClCompile>
    <ClCompile Include="Shader.cpp">
      <Filter>manager\renderer</Filter>
    </ClCompile>
    <ClCompile Include="Texture.cpp">
      <Filter>manager\renderer</Filter>
    </ClCompile>
    <ClCompile Include="VertexArray.cpp">
      <Filter>manager\renderer</Filter>
    </ClCompile>
    <ClCompile Include="PlayerActor.cpp">
      <Filter>actor</Filter>
    </ClCompile>
    <ClCompile Include="FollowCamera.cpp">
      <Filter>component\camera</Filter>
    </ClCompile>
    <ClCompile Include="PhysWorld.cpp">
      <Filter>manager\collision</Filter>
    </ClCompile>
    <ClCompile Include="Collision.cpp">
      <Filter>manager\collision</Filter>
    </ClCompile>
    <ClCompile Include="BallMove.cpp">
      <Filter>component\move</Filter>
    </ClCompile>
    <ClCompile Include="ChaseMove.cpp">
      <Filter>component\move</Filter>
    </ClCompile>
    <ClCompile Include="DamageComponent.cpp">
      <Filter>component</Filter>
    </ClCompile>
    <ClCompile Include="Component.cpp">
      <Filter>component\essential</Filter>
    </ClCompile>
    <ClCompile Include="MeshComponent.cpp">
      <Filter>component\essential</Filter>
    </ClCompile>
    <ClCompile Include="SpriteComponent.cpp">
      <Filter>component\essential</Filter>
    </ClCompile>
    <ClCompile Include="AudioComponent.cpp">
      <Filter>component\essential</Filter>
    </ClCompile>
    <ClCompile Include="main.cpp">
      <Filter>manager</Filter>
    </ClCompile>
    <ClCompile Include="Game.cpp">
      <Filter>manager</Filter>
    </ClCompile>
    <ClCompile Include="InputSystem.cpp">
      <Filter>manager</Filter>
    </ClCompile>
    <ClCompile Include="BoxComponent.cpp">
      <Filter>component\collision</Filter>
    </ClCompile>
    <ClCompile Include="TargetComponent.cpp">
      <Filter>component\collision</Filter>
    </ClCompile>
    <ClCompile Include="AStar.cpp">
      <Filter>manager\search</Filter>
    </ClCompile>
    <ClCompile Include="DialogBox.cpp">
      <Filter>ui</Filter>
    </ClCompile>
    <ClCompile Include="Font.cpp">
      <Filter>ui</Filter>
    </ClCompile>
    <ClCompile Include="HUD.cpp">
      <Filter>ui</Filter>
    </ClCompile>
    <ClCompile Include="UIScreen.cpp">
      <Filter>ui</Filter>
    </ClCompile>
    <ClCompile Include="GameOverMenu.cpp">
      <Filter>ui\menu</Filter>
    </ClCompile>
    <ClCompile Include="GameClearMenu.cpp">
      <Filter>ui\menu</Filter>
    </ClCompile>
    <ClCompile Include="MainMenu.cpp">
      <Filter>ui\menu</Filter>
    </ClCompile>
    <ClCompile Include="PauseMenu.cpp">
      <Filter>ui\menu</Filter>
    </ClCompile>
    <ClCompile Include="LevelUpMenu.cpp">
      <Filter>ui\menu</Filter>
    </ClCompile>
    <ClCompile Include="ExpActor.cpp">
      <Filter>actor\item</Filter>
    </ClCompile>
    <ClCompile Include="HeartActor.cpp">
      <Filter>actor\item</Filter>
    </ClCompile>
    <ClCompile Include="PhaseSystem.cpp">
      <Filter>manager</Filter>
    </ClCompile>
    <ClCompile Include="ItemActor.cpp">
      <Filter>actor\item\base</Filter>
    </ClCompile>
    <ClCompile Include="Actor.cpp">
      <Filter>actor\base</Filter>
    </ClCompile>
    <ClCompile Include="EnemyActor.cpp">
      <Filter>actor\enemy\base</Filter>
    </ClCompile>
    <ClCompile Include="JumpComponent.cpp">
      <Filter>component\move</Filter>
    </ClCompile>
    <ClCompile Include="SkillSystem.cpp">
      <Filter>manager\skill</Filter>
    </ClCompile>
    <ClCompile Include="WeaponComponent.cpp">
      <Filter>component\weapon</Filter>
    </ClCompile>
    <ClCompile Include="ShotComponent.cpp">
      <Filter>component\weapon</Filter>
    </ClCompile>
    <ClCompile Include="HpComponent.cpp">
      <Filter>component</Filter>
    </ClCompile>
    <ClCompile Include="Skill.cpp">
      <Filter>manager\skill</Filter>
    </ClCompile>
    <ClCompile Include="BallActor.cpp">
      <Filter>actor\weapon</Filter>
    </ClCompile>
    <ClCompile Include="WeaponActor.cpp">
      <Filter>actor\weapon\base</Filter>
    </ClCompile>
    <ClCompile Include="SwordActor.cpp">
      <Filter>actor\weapon</Filter>
    </ClCompile>
    <ClCompile Include="MoveComponent.cpp">
      <Filter>component\move\base</Filter>
    </ClCompile>
    <ClCompile Include="SwordComponent.cpp">
      <Filter>component\weapon</Filter>
    </ClCompile>
    <ClCompile Include="SwordMove.cpp">
      <Filter>component\move</Filter>
    </ClCompile>
  </ItemGroup>
  <ItemGroup>
    <ClInclude Include="Math.h">
      <Filter>math</Filter>
    </ClInclude>
    <ClInclude Include="AudioSystem.h">
      <Filter>manager\audio</Filter>
    </ClInclude>
    <ClInclude Include="SoundEvent.h">
      <Filter>manager\audio</Filter>
    </ClInclude>
    <ClInclude Include="CameraComponent.h">
      <Filter>component\camera</Filter>
    </ClInclude>
    <ClInclude Include="FPSCamera.h">
      <Filter>component\camera</Filter>
    </ClInclude>
    <ClInclude Include="PlaneActor.h">
      <Filter>actor</Filter>
    </ClInclude>
    <ClInclude Include="Renderer.h">
      <Filter>manager\renderer</Filter>
    </ClInclude>
    <ClInclude Include="Mesh.h">
      <Filter>manager\renderer</Filter>
    </ClInclude>
    <ClInclude Include="Shader.h">
      <Filter>manager\renderer</Filter>
    </ClInclude>
    <ClInclude Include="Texture.h">
      <Filter>manager\renderer</Filter>
    </ClInclude>
    <ClInclude Include="VertexArray.h">
      <Filter>manager\renderer</Filter>
    </ClInclude>
    <ClInclude Include="PlayerActor.h">
      <Filter>actor</Filter>
    </ClInclude>
    <ClInclude Include="FollowCamera.h">
      <Filter>component\camera</Filter>
    </ClInclude>
    <ClInclude Include="PhysWorld.h">
      <Filter>manager\collision</Filter>
    </ClInclude>
    <ClInclude Include="Collision.h">
      <Filter>manager\collision</Filter>
    </ClInclude>
    <ClInclude Include="BallMove.h">
      <Filter>component\move</Filter>
    </ClInclude>
    <ClInclude Include="ChaseMove.h">
      <Filter>component\move</Filter>
    </ClInclude>
    <ClInclude Include="DamageComponent.h">
      <Filter>component</Filter>
    </ClInclude>
    <ClInclude Include="Component.h">
      <Filter>component\essential</Filter>
    </ClInclude>
    <ClInclude Include="MeshComponent.h">
      <Filter>component\essential</Filter>
    </ClInclude>
    <ClInclude Include="SpriteComponent.h">
      <Filter>component\essential</Filter>
    </ClInclude>
    <ClInclude Include="AudioComponent.h">
      <Filter>component\essential</Filter>
    </ClInclude>
    <ClInclude Include="Game.h">
      <Filter>manager</Filter>
    </ClInclude>
    <ClInclude Include="InputSystem.h">
      <Filter>manager</Filter>
    </ClInclude>
    <ClInclude Include="TargetComponent.h">
      <Filter>component\collision</Filter>
    </ClInclude>
    <ClInclude Include="BoxComponent.h">
      <Filter>component\collision</Filter>
    </ClInclude>
    <ClInclude Include="AStar.h">
      <Filter>manager\search</Filter>
    </ClInclude>
    <ClInclude Include="UIScreen.h">
      <Filter>ui</Filter>
    </ClInclude>
    <ClInclude Include="DialogBox.h">
      <Filter>ui</Filter>
    </ClInclude>
    <ClInclude Include="Font.h">
      <Filter>ui</Filter>
    </ClInclude>
    <ClInclude Include="HUD.h">
      <Filter>ui</Filter>
    </ClInclude>
    <ClInclude Include="GameClearMenu.h">
      <Filter>ui\menu</Filter>
    </ClInclude>
    <ClInclude Include="GameOverMenu.h">
      <Filter>ui\menu</Filter>
    </ClInclude>
    <ClInclude Include="MainMenu.h">
      <Filter>ui\menu</Filter>
    </ClInclude>
    <ClInclude Include="PauseMenu.h">
      <Filter>ui\menu</Filter>
    </ClInclude>
    <ClInclude Include="LevelUpMenu.h">
      <Filter>ui\menu</Filter>
    </ClInclude>
    <ClInclude Include="ExpActor.h">
      <Filter>actor\item</Filter>
    </ClInclude>
    <ClInclude Include="HeartActor.h">
      <Filter>actor\item</Filter>
    </ClInclude>
    <ClInclude Include="PhaseSystem.h">
      <Filter>manager</Filter>
    </ClInclude>
    <ClInclude Include="ItemActor.h">
      <Filter>actor\item\base</Filter>
    </ClInclude>
    <ClInclude Include="Actor.h">
      <Filter>actor\base</Filter>
    </ClInclude>
    <ClInclude Include="EnemyActor.h">
      <Filter>actor\enemy\base</Filter>
    </ClInclude>
    <ClInclude Include="JumpComponent.h">
      <Filter>component\move</Filter>
    </ClInclude>
    <ClInclude Include="SkillSystem.h">
      <Filter>manager\skill</Filter>
    </ClInclude>
    <ClInclude Include="WeaponComponent.h">
      <Filter>component\weapon</Filter>
    </ClInclude>
    <ClInclude Include="ShotComponent.h">
      <Filter>component\weapon</Filter>
    </ClInclude>
    <ClInclude Include="HpComponent.h">
      <Filter>component</Filter>
    </ClInclude>
    <ClInclude Include="Skill.h">
      <Filter>manager\skill</Filter>
    </ClInclude>
    <ClInclude Include="BallActor.h">
      <Filter>actor\weapon</Filter>
    </ClInclude>
    <ClInclude Include="WeaponActor.h">
      <Filter>actor\weapon\base</Filter>
    </ClInclude>
    <ClInclude Include="SwordActor.h">
      <Filter>actor\weapon</Filter>
    </ClInclude>
    <ClInclude Include="MoveComponent.h">
      <Filter>component\move\base</Filter>
    </ClInclude>
    <ClInclude Include="SwordComponent.h">
      <Filter>component\weapon</Filter>
    </ClInclude>
    <ClInclude Include="SwordMove.h">
      <Filter>component\move</Filter>
    </ClInclude>
  </ItemGroup>
  <ItemGroup>
    <None Include="Shaders\Sprite.frag">
      <Filter>manager\renderer\shader</Filter>
    </None>
    <None Include="Shaders\BasicMesh.frag">
      <Filter>manager\renderer\shader</Filter>
    </None>
    <None Include="Shaders\BasicMesh.vert">
      <Filter>manager\renderer\shader</Filter>
    </None>
    <None Include="Shaders\Phong.frag">
      <Filter>manager\renderer\shader</Filter>
    </None>
    <None Include="Shaders\Phong.vert">
      <Filter>manager\renderer\shader</Filter>
    </None>
    <None Include="Shaders\Sprite.vert">
      <Filter>manager\renderer\shader</Filter>
    </None>
  </ItemGroup>
</Project>