
Microsoft Visual Studio Solution File, Format Version 12.00
# Visual Studio Version 17
VisualStudioVersion = 17.10.35122.118
MinimumVisualStudioVersion = 10.0.40219.1
Project("{8BC9CEB8-8B4A-11D0-8D11-00A0C91BC942}") = "GAME", "GAME\GAME.vcxproj", "{D233B368-9579-4A67-B687-A964927EA44C}"
EndProject
Global
	GlobalSection(SolutionConfigurationPlatforms) = preSolution
		Debug|x64 = Debug|x64
		Debug|x86 = Debug|x86
		Release|x64 = Release|x64
		Release|x86 = Release|x86
	EndGlobalSection
	GlobalSection(ProjectConfigurationPlatforms) = postSolution
		{D233B368-9579-4A67-B687-A964927EA44C}.Debug|x64.ActiveCfg = Debug|Win32
		{D233B368-9579-4A67-B687-A964927EA44C}.Debug|x64.Build.0 = Debug|Win32
		{D233B368-9579-4A67-B687-A964927EA44C}.Debug|x86.ActiveCfg = Debug|Win32
		{D233B368-9579-4A67-B687-A964927EA44C}.Debug|x86.Build.0 = Debug|Win32
		{D233B368-9579-4A67-B687-A964927EA44C}.Release|x64.ActiveCfg = Release|x64
		{D233B368-9579-4A67-B687-A964927EA44C}.Release|x64.Build.0 = Release|x64
		{D233B368-9579-4A67-B687-A964927EA44C}.Release|x86.ActiveCfg = Release|Win32
		{D233B368-9579-4A67-B687-A964927EA44C}.Release|x86.Build.0 = Release|Win32
	EndGlobalSection
	GlobalSection(SolutionProperties) = preSolution
		HideSolutionNode = FALSE
	EndGlobalSection
	GlobalSection(ExtensibilityGlobals) = postSolution
		SolutionGuid = {ADF8497F-5727-4FF4-897D-1793F4049615}
	EndGlobalSection
EndGlobal
